// !$*UTF8*$!
{
	archiveVersion = 1;
	classes = {
	};
	objectVersion = 50;
	objects = {

/* Begin PBXBuildFile section */
		0CAF5C81258390E800E72605 /* AppDelegate.swift in Sources */ = {isa = PBXBuildFile; fileRef = 0CAF5C80258390E800E72605 /* AppDelegate.swift */; };
		0CAF5C83258390E800E72605 /* SceneDelegate.swift in Sources */ = {isa = PBXBuildFile; fileRef = 0CAF5C82258390E800E72605 /* SceneDelegate.swift */; };
		0CAF5C85258390E800E72605 /* ViewController.swift in Sources */ = {isa = PBXBuildFile; fileRef = 0CAF5C84258390E800E72605 /* ViewController.swift */; };
		0CAF5C88258390E800E72605 /* Main.storyboard in Resources */ = {isa = PBXBuildFile; fileRef = 0CAF5C86258390E800E72605 /* Main.storyboard */; };
		0CAF5C8A258390EC00E72605 /* Assets.xcassets in Resources */ = {isa = PBXBuildFile; fileRef = 0CAF5C89258390EC00E72605 /* Assets.xcassets */; };
		0CAF5C8D258390EC00E72605 /* LaunchScreen.storyboard in Resources */ = {isa = PBXBuildFile; fileRef = 0CAF5C8B258390EC00E72605 /* LaunchScreen.storyboard */; };
		0CAF5C962583918E00E72605 /* im batman .mp3 in Resources */ = {isa = PBXBuildFile; fileRef = 0CAF5C952583918E00E72605 /* im batman .mp3 */; };
		0CAF5C99258391A300E72605 /* here we go.mp3 in Resources */ = {isa = PBXBuildFile; fileRef = 0CAF5C98258391A300E72605 /* here we go.mp3 */; };
		0CAF5C9C258391C800E72605 /* do you feel in charge .mp3 in Resources */ = {isa = PBXBuildFile; fileRef = 0CAF5C9B258391C800E72605 /* do you feel in charge .mp3 */; };
		0CAF5C9F2583996100E72605 /* PlayerViewController.swift in Sources */ = {isa = PBXBuildFile; fileRef = 0CAF5C9E2583996100E72605 /* PlayerViewController.swift */; };
/* End PBXBuildFile section */

/* Begin PBXFileReference section */
		0CAF5C7D258390E800E72605 /* musicApp.app */ = {isa = PBXFileReference; explicitFileType = wrapper.application; includeInIndex = 0; path = musicApp.app; sourceTree = BUILT_PRODUCTS_DIR; };
		0CAF5C80258390E800E72605 /* AppDelegate.swift */ = {isa = PBXFileReference; lastKnownFileType = sourcecode.swift; path = AppDelegate.swift; sourceTree = "<group>"; };
		0CAF5C82258390E800E72605 /* SceneDelegate.swift */ = {isa = PBXFileReference; lastKnownFileType = sourcecode.swift; path = SceneDelegate.swift; sourceTree = "<group>"; };
		0CAF5C84258390E800E72605 /* ViewController.swift */ = {isa = PBXFileReference; lastKnownFileType = sourcecode.swift; path = ViewController.swift; sourceTree = "<group>"; };
		0CAF5C87258390E800E72605 /* Base */ = {isa = PBXFileReference; lastKnownFileType = file.storyboard; name = Base; path = Base.lproj/Main.storyboard; sourceTree = "<group>"; };
		0CAF5C89258390EC00E72605 /* Assets.xcassets */ = {isa = PBXFileReference; lastKnownFileType = folder.assetcatalog; path = Assets.xcassets; sourceTree = "<group>"; };
		0CAF5C8C258390EC00E72605 /* Base */ = {isa = PBXFileReference; lastKnownFileType = file.storyboard; name = Base; path = Base.lproj/LaunchScreen.storyboard; sourceTree = "<group>"; };
		0CAF5C8E258390EC00E72605 /* Info.plist */ = {isa = PBXFileReference; lastKnownFileType = text.plist.xml; path = Info.plist; sourceTree = "<group>"; };
		0CAF5C952583918E00E72605 /* im batman .mp3 */ = {isa = PBXFileReference; lastKnownFileType = audio.mp3; path = "im batman .mp3"; sourceTree = "<group>"; };
		0CAF5C98258391A300E72605 /* here we go.mp3 */ = {isa = PBXFileReference; lastKnownFileType = audio.mp3; path = "here we go.mp3"; sourceTree = "<group>"; };
		0CAF5C9B258391C800E72605 /* do you feel in charge .mp3 */ = {isa = PBXFileReference; lastKnownFileType = audio.mp3; path = "do you feel in charge .mp3"; sourceTree = "<group>"; };
		0CAF5C9E2583996100E72605 /* PlayerViewController.swift */ = {isa = PBXFileReference; lastKnownFileType = sourcecode.swift; path = PlayerViewController.swift; sourceTree = "<group>"; };
/* End PBXFileReference section */

/* Begin PBXFrameworksBuildPhase section */
		0CAF5C7A258390E800E72605 /* Frameworks */ = {
			isa = PBXFrameworksBuildPhase;
			buildActionMask = 2147483647;
			files = (
			);
			runOnlyForDeploymentPostprocessing = 0;
		};
/* End PBXFrameworksBuildPhase section */

/* Begin PBXGroup section */
		0CAF5C74258390E800E72605 = {
			isa = PBXGroup;
			children = (
				0CAF5C7F258390E800E72605 /* musicApp */,
				0CAF5C7E258390E800E72605 /* Products */,
			);
			sourceTree = "<group>";
		};
		0CAF5C7E258390E800E72605 /* Products */ = {
			isa = PBXGroup;
			children = (
				0CAF5C7D258390E800E72605 /* musicApp.app */,
			);
			name = Products;
			sourceTree = "<group>";
		};
		0CAF5C7F258390E800E72605 /* musicApp */ = {
			isa = PBXGroup;
			children = (
				0CAF5C80258390E800E72605 /* AppDelegate.swift */,
				0CAF5C82258390E800E72605 /* SceneDelegate.swift */,
				0CAF5C84258390E800E72605 /* ViewController.swift */,
				0CAF5C86258390E800E72605 /* Main.storyboard */,
				0CAF5C89258390EC00E72605 /* Assets.xcassets */,
				0CAF5C952583918E00E72605 /* im batman .mp3 */,
				0CAF5C98258391A300E72605 /* here we go.mp3 */,
				0CAF5C9B258391C800E72605 /* do you feel in charge .mp3 */,
				0CAF5C8B258390EC00E72605 /* LaunchScreen.storyboard */,
				0CAF5C8E258390EC00E72605 /* Info.plist */,
				0CAF5C9E2583996100E72605 /* PlayerViewController.swift */,
			);
			path = musicApp;
			sourceTree = "<group>";
		};
/* End PBXGroup section */

/* Begin PBXNativeTarget section */
		0CAF5C7C258390E800E72605 /* musicApp */ = {
			isa = PBXNativeTarget;
			buildConfigurationList = 0CAF5C91258390EC00E72605 /* Build configuration list for PBXNativeTarget "musicApp" */;
			buildPhases = (
				0CAF5C79258390E800E72605 /* Sources */,
				0CAF5C7A258390E800E72605 /* Frameworks */,
				0CAF5C7B258390E800E72605 /* Resources */,
			);
			buildRules = (
			);
			dependencies = (
			);
			name = musicApp;
			productName = musicApp;
			productReference = 0CAF5C7D258390E800E72605 /* musicApp.app */;
			productType = "com.apple.product-type.application";
		};
/* End PBXNativeTarget section */

/* Begin PBXProject section */
		0CAF5C75258390E800E72605 /* Project object */ = {
			isa = PBXProject;
			attributes = {
				LastSwiftUpdateCheck = 1200;
				LastUpgradeCheck = 1200;
				TargetAttributes = {
					0CAF5C7C258390E800E72605 = {
						CreatedOnToolsVersion = 12.0.1;
					};
				};
			};
			buildConfigurationList = 0CAF5C78258390E800E72605 /* Build configuration list for PBXProject "musicApp" */;
			compatibilityVersion = "Xcode 9.3";
			developmentRegion = en;
			hasScannedForEncodings = 0;
			knownRegions = (
				en,
				Base,
			);
			mainGroup = 0CAF5C74258390E800E72605;
			productRefGroup = 0CAF5C7E258390E800E72605 /* Products */;
			projectDirPath = "";
			projectRoot = "";
			targets = (
				0CAF5C7C258390E800E72605 /* musicApp */,
			);
		};
/* End PBXProject section */

/* Begin PBXResourcesBuildPhase section */
		0CAF5C7B258390E800E72605 /* Resources */ = {
			isa = PBXResourcesBuildPhase;
			buildActionMask = 2147483647;
			files = (
				0CAF5C99258391A300E72605 /* here we go.mp3 in Resources */,
				0CAF5C8D258390EC00E72605 /* LaunchScreen.storyboard in Resources */,
				0CAF5C962583918E00E72605 /* im batman .mp3 in Resources */,
				0CAF5C8A258390EC00E72605 /* Assets.xcassets in Resources */,
				0CAF5C88258390E800E72605 /* Main.storyboard in Resources */,
				0CAF5C9C258391C800E72605 /* do you feel in charge .mp3 in Resources */,
			);
			runOnlyForDeploymentPostprocessing = 0;
		};
/* End PBXResourcesBuildPhase section */

/* Begin PBXSourcesBuildPhase section */
		0CAF5C79258390E800E72605 /* Sources */ = {
			isa = PBXSourcesBuildPhase;
			buildActionMask = 2147483647;
			files = (
				0CAF5C85258390E800E72605 /* ViewController.swift in Sources */,
				0CAF5C9F2583996100E72605 /* PlayerViewController.swift in Sources */,
				0CAF5C81258390E800E72605 /* AppDelegate.swift in Sources */,
				0CAF5C83258390E800E72605 /* SceneDelegate.swift in Sources */,
			);
			runOnlyForDeploymentPostprocessing = 0;
		};
/* End PBXSourcesBuildPhase section */

/* Begin PBXVariantGroup section */
		0CAF5C86258390E800E72605 /* Main.storyboard */ = {
			isa = PBXVariantGroup;
			children = (
				0CAF5C87258390E800E72605 /* Base */,
			);
			name = Main.storyboard;
			sourceTree = "<group>";
		};
		0CAF5C8B258390EC00E72605 /* LaunchScreen.storyboard */ = {
			isa = PBXVariantGroup;
			children = (
				0CAF5C8C258390EC00E72605 /* Base */,
			);
			name = LaunchScreen.storyboard;
			sourceTree = "<group>";
		};
/* End PBXVariantGroup section */

/* Begin XCBuildConfiguration section */
		0CAF5C8F258390EC00E72605 /* Debug */ = {
			isa = XCBuildConfiguration;
			buildSettings = {
				ALWAYS_SEARCH_USER_PATHS = NO;
				CLANG_ANALYZER_NONNULL = YES;
				CLANG_ANALYZER_NUMBER_OBJECT_CONVERSION = YES_AGGRESSIVE;
				CLANG_CXX_LANGUAGE_STANDARD = "gnu++14";
				CLANG_CXX_LIBRARY = "libc++";
				CLANG_ENABLE_MODULES = YES;
				CLANG_ENABLE_OBJC_ARC = YES;
				CLANG_ENABLE_OBJC_WEAK = YES;
				CLANG_WARN_BLOCK_CAPTURE_AUTORELEASING = YES;
				CLANG_WARN_BOOL_CONVERSION = YES;
				CLANG_WARN_COMMA = YES;
				CLANG_WARN_CONSTANT_CONVERSION = YES;
				CLANG_WARN_DEPRECATED_OBJC_IMPLEMENTATIONS = YES;
				CLANG_WARN_DIRECT_OBJC_ISA_USAGE = YES_ERROR;
				CLANG_WARN_DOCUMENTATION_COMMENTS = YES;
				CLANG_WARN_EMPTY_BODY = YES;
				CLANG_WARN_ENUM_CONVERSION = YES;
				CLANG_WARN_INFINITE_RECURSION = YES;
				CLANG_WARN_INT_CONVERSION = YES;
				CLANG_WARN_NON_LITERAL_NULL_CONVERSION = YES;
				CLANG_WARN_OBJC_IMPLICIT_RETAIN_SELF = YES;
				CLANG_WARN_OBJC_LITERAL_CONVERSION = YES;
				CLANG_WARN_OBJC_ROOT_CLASS = YES_ERROR;
				CLANG_WARN_QUOTED_INCLUDE_IN_FRAMEWORK_HEADER = YES;
				CLANG_WARN_RANGE_LOOP_ANALYSIS = YES;
				CLANG_WARN_STRICT_PROTOTYPES = YES;
				CLANG_WARN_SUSPICIOUS_MOVE = YES;
				CLANG_WARN_UNGUARDED_AVAILABILITY = YES_AGGRESSIVE;
				CLANG_WARN_UNREACHABLE_CODE = YES;
				CLANG_WARN__DUPLICATE_METHOD_MATCH = YES;
				COPY_PHASE_STRIP = NO;
				DEBUG_INFORMATION_FORMAT = dwarf;
				ENABLE_STRICT_OBJC_MSGSEND = YES;
				ENABLE_TESTABILITY = YES;
				GCC_C_LANGUAGE_STANDARD = gnu11;
				GCC_DYNAMIC_NO_PIC = NO;
				GCC_NO_COMMON_BLOCKS = YES;
				GCC_OPTIMIZATION_LEVEL = 0;
				GCC_PREPROCESSOR_DEFINITIONS = (
					"DEBUG=1",
					"$(inherited)",
				);
				GCC_WARN_64_TO_32_BIT_CONVERSION = YES;
				GCC_WARN_ABOUT_RETURN_TYPE = YES_ERROR;
				GCC_WARN_UNDECLARED_SELECTOR = YES;
				GCC_WARN_UNINITIALIZED_AUTOS = YES_AGGRESSIVE;
				GCC_WARN_UNUSED_FUNCTION = YES;
				GCC_WARN_UNUSED_VARIABLE = YES;
				IPHONEOS_DEPLOYMENT_TARGET = 14.0;
				MTL_ENABLE_DEBUG_INFO = INCLUDE_SOURCE;
				MTL_FAST_MATH = YES;
				ONLY_ACTIVE_ARCH = YES;
				SDKROOT = iphoneos;
				SWIFT_ACTIVE_COMPILATION_CONDITIONS = DEBUG;
				SWIFT_OPTIMIZATION_LEVEL = "-Onone";
			};
			name = Debug;
		};
		0CAF5C90258390EC00E72605 /* Release */ = {
			isa = XCBuildConfiguration;
			buildSettings = {
				ALWAYS_SEARCH_USER_PATHS = NO;
				CLANG_ANALYZER_NONNULL = YES;
				CLANG_ANALYZER_NUMBER_OBJECT_CONVERSION = YES_AGGRESSIVE;
				CLANG_CXX_LANGUAGE_STANDARD = "gnu++14";
				CLANG_CXX_LIBRARY = "libc++";
				CLANG_ENABLE_MODULES = YES;
				CLANG_ENABLE_OBJC_ARC = YES;
				CLANG_ENABLE_OBJC_WEAK = YES;
				CLANG_WARN_BLOCK_CAPTURE_AUTORELEASING = YES;
				CLANG_WARN_BOOL_CONVERSION = YES;
				CLANG_WARN_COMMA = YES;
				CLANG_WARN_CONSTANT_CONVERSION = YES;
				CLANG_WARN_DEPRECATED_OBJC_IMPLEMENTATIONS = YES;
				CLANG_WARN_DIRECT_OBJC_ISA_USAGE = YES_ERROR;
				CLANG_WARN_DOCUMENTATION_COMMENTS = YES;
				CLANG_WARN_EMPTY_BODY = YES;
				CLANG_WARN_ENUM_CONVERSION = YES;
				CLANG_WARN_INFINITE_RECURSION = YES;
				CLANG_WARN_INT_CONVERSION = YES;
				CLANG_WARN_NON_LITERAL_NULL_CONVERSION = YES;
				CLANG_WARN_OBJC_IMPLICIT_RETAIN_SELF = YES;
				CLANG_WARN_OBJC_LITERAL_CONVERSION = YES;
				CLANG_WARN_OBJC_ROOT_CLASS = YES_ERROR;
				CLANG_WARN_QUOTED_INCLUDE_IN_FRAMEWORK_HEADER = YES;
				CLANG_WARN_RANGE_LOOP_ANALYSIS = YES;
				CLANG_WARN_STRICT_PROTOTYPES = YES;
				CLANG_WARN_SUSPICIOUS_MOVE = YES;
				CLANG_WARN_UNGUARDED_AVAILABILITY = YES_AGGRESSIVE;
				CLANG_WARN_UNREACHABLE_CODE = YES;
				CLANG_WARN__DUPLICATE_METHOD_MATCH = YES;
				COPY_PHASE_STRIP = NO;
				DEBUG_INFORMATION_FORMAT = "dwarf-with-dsym";
				ENABLE_NS_ASSERTIONS = NO;
				ENABLE_STRICT_OBJC_MSGSEND = YES;
				GCC_C_LANGUAGE_STANDARD = gnu11;
				GCC_NO_COMMON_BLOCKS = YES;
				GCC_WARN_64_TO_32_BIT_CONVERSION = YES;
				GCC_WARN_ABOUT_RETURN_TYPE = YES_ERROR;
				GCC_WARN_UNDECLARED_SELECTOR = YES;
				GCC_WARN_UNINITIALIZED_AUTOS = YES_AGGRESSIVE;
				GCC_WARN_UNUSED_FUNCTION = YES;
				GCC_WARN_UNUSED_VARIABLE = YES;
				IPHONEOS_DEPLOYMENT_TARGET = 14.0;
				MTL_ENABLE_DEBUG_INFO = NO;
				MTL_FAST_MATH = YES;
				SDKROOT = iphoneos;
				SWIFT_COMPILATION_MODE = wholemodule;
				SWIFT_OPTIMIZATION_LEVEL = "-O";
				VALIDATE_PRODUCT = YES;
			};
			name = Release;
		};
		0CAF5C92258390EC00E72605 /* Debug */ = {
			isa = XCBuildConfiguration;
			buildSettings = {
				ASSETCATALOG_COMPILER_APPICON_NAME = AppIcon;
				ASSETCATALOG_COMPILER_GLOBAL_ACCENT_COLOR_NAME = AccentColor;
				CODE_SIGN_STYLE = Automatic;
				DEVELOPMENT_TEAM = C7JHAVL8Y3;
				INFOPLIST_FILE = musicApp/Info.plist;
				LD_RUNPATH_SEARCH_PATHS = (
					"$(inherited)",
					"@executable_path/Frameworks",
				);
				PRODUCT_BUNDLE_IDENTIFIER = Yoti.musicApp;
				PRODUCT_NAME = "$(TARGET_NAME)";
				SWIFT_VERSION = 5.0;
				TARGETED_DEVICE_FAMILY = "1,2";
			};
			name = Debug;
		};
		0CAF5C93258390EC00E72605 /* Release */ = {
			isa = XCBuildConfiguration;
			buildSettings = {
				ASSETCATALOG_COMPILER_APPICON_NAME = AppIcon;
				ASSETCATALOG_COMPILER_GLOBAL_ACCENT_COLOR_NAME = AccentColor;
				CODE_SIGN_STYLE = Automatic;
				DEVELOPMENT_TEAM = C7JHAVL8Y3;
				INFOPLIST_FILE = musicApp/Info.plist;
				LD_RUNPATH_SEARCH_PATHS = (
					"$(inherited)",
					"@executable_path/Frameworks",
				);
				PRODUCT_BUNDLE_IDENTIFIER = Yoti.musicApp;
				PRODUCT_NAME = "$(TARGET_NAME)";
				SWIFT_VERSION = 5.0;
				TARGETED_DEVICE_FAMILY = "1,2";
			};
			name = Release;
		};
/* End XCBuildConfiguration section */

/* Begin XCConfigurationList section */
		0CAF5C78258390E800E72605 /* Build configuration list for PBXProject "musicApp" */ = {
			isa = XCConfigurationList;
			buildConfigurations = (
				0CAF5C8F258390EC00E72605 /* Debug */,
				0CAF5C90258390EC00E72605 /* Release */,
			);
			defaultConfigurationIsVisible = 0;
			defaultConfigurationName = Release;
		};
		0CAF5C91258390EC00E72605 /* Build configuration list for PBXNativeTarget "musicApp" */ = {
			isa = XCConfigurationList;
			buildConfigurations = (
				0CAF5C92258390EC00E72605 /* Debug */,
				0CAF5C93258390EC00E72605 /* Release */,
			);
			defaultConfigurationIsVisible = 0;
			defaultConfigurationName = Release;
		};
/* End XCConfigurationList section */
	};
	rootObject = 0CAF5C75258390E800E72605 /* Project object */;
}
